{
  "version": "5",
  "specifiers": {
    "jsr:@hexagon/croner@9": "9.1.0"
  },
  "jsr": {
    "@hexagon/croner@9.1.0": {
      "integrity": "defde0fcee33c7c7901d5d6be230a30fb326e5d31773bc991a2976468f61f9eb"
    }
  },
  "workspace": {
    "dependencies": [
      "jsr:@hexagon/croner@9"
    ]
  }
}
